// !$*UTF8*$!
{
	archiveVersion = 1;
	classes = {
	};
	objectVersion = 51;
	objects = {

/* Begin PBXBuildFile section */
		E9393B1C2620B50A00E0D09F /* UIView.swift in Sources */ = {isa = PBXBuildFile; fileRef = E9393B1B2620B50A00E0D09F /* UIView.swift */; };
		E9393B212620BB1400E0D09F /* o_Montserrat.ttf in Resources */ = {isa = PBXBuildFile; fileRef = E9393B1F2620BB1400E0D09F /* o_Montserrat.ttf */; };
		E9393B222620BB1400E0D09F /* o_MontserratBold.ttf in Resources */ = {isa = PBXBuildFile; fileRef = E9393B202620BB1400E0D09F /* o_MontserratBold.ttf */; };
		E94F05C42629B6860039899C /* HowMuchSpyPopover.swift in Sources */ = {isa = PBXBuildFile; fileRef = E94F05C32629B6860039899C /* HowMuchSpyPopover.swift */; };
		E954F006261C950B00E89673 /* AppDelegate.swift in Sources */ = {isa = PBXBuildFile; fileRef = E954F005261C950B00E89673 /* AppDelegate.swift */; };
		E954F008261C950B00E89673 /* SceneDelegate.swift in Sources */ = {isa = PBXBuildFile; fileRef = E954F007261C950B00E89673 /* SceneDelegate.swift */; };
		E954F00A261C950B00E89673 /* Main_VC.swift in Sources */ = {isa = PBXBuildFile; fileRef = E954F009261C950B00E89673 /* Main_VC.swift */; };
		E954F00D261C950B00E89673 /* Main.storyboard in Resources */ = {isa = PBXBuildFile; fileRef = E954F00B261C950B00E89673 /* Main.storyboard */; };
		E954F00F261C950C00E89673 /* Assets.xcassets in Resources */ = {isa = PBXBuildFile; fileRef = E954F00E261C950C00E89673 /* Assets.xcassets */; };
		E954F012261C950C00E89673 /* LaunchScreen.storyboard in Resources */ = {isa = PBXBuildFile; fileRef = E954F010261C950C00E89673 /* LaunchScreen.storyboard */; };
		E954F01F261C96D800E89673 /* Locations.swift in Sources */ = {isa = PBXBuildFile; fileRef = E954F01E261C96D800E89673 /* Locations.swift */; };
		E9866459261F957300755D17 /* ButtonSpy.swift in Sources */ = {isa = PBXBuildFile; fileRef = E9866458261F957300755D17 /* ButtonSpy.swift */; };
		E9CCA8D226290D4F008B5F24 /* ContainerForFAQ_VC.swift in Sources */ = {isa = PBXBuildFile; fileRef = E9CCA8D126290D4F008B5F24 /* ContainerForFAQ_VC.swift */; };
		E9CCA8D526290D67008B5F24 /* FAQ_VC.swift in Sources */ = {isa = PBXBuildFile; fileRef = E9CCA8D426290D67008B5F24 /* FAQ_VC.swift */; };
		E9E0EC9126219309001AD4C9 /* UIViewController.swift in Sources */ = {isa = PBXBuildFile; fileRef = E9E0EC9026219309001AD4C9 /* UIViewController.swift */; };
		E9E7B69B261DE47300455F72 /* Locations_CVC.swift in Sources */ = {isa = PBXBuildFile; fileRef = E9E7B69A261DE47300455F72 /* Locations_CVC.swift */; };
		E9E7B69E261DE49E00455F72 /* LocationCell.swift in Sources */ = {isa = PBXBuildFile; fileRef = E9E7B69D261DE49E00455F72 /* LocationCell.swift */; };
		E9E7B6A1261E0EA400455F72 /* SetGroup_VC.swift in Sources */ = {isa = PBXBuildFile; fileRef = E9E7B6A0261E0EA400455F72 /* SetGroup_VC.swift */; };
		E9E7B6A8261E216400455F72 /* Container_VC.swift in Sources */ = {isa = PBXBuildFile; fileRef = E9E7B6A7261E216400455F72 /* Container_VC.swift */; };
		E9FD485C261CC658005C29A1 /* WhoIsSpy_VC.swift in Sources */ = {isa = PBXBuildFile; fileRef = E9FD485B261CC658005C29A1 /* WhoIsSpy_VC.swift */; };
		E9FD485F261D0F52005C29A1 /* Game_VC.swift in Sources */ = {isa = PBXBuildFile; fileRef = E9FD485E261D0F52005C29A1 /* Game_VC.swift */; };
/* End PBXBuildFile section */

/* Begin PBXFileReference section */
		E9393B1B2620B50A00E0D09F /* UIView.swift */ = {isa = PBXFileReference; lastKnownFileType = sourcecode.swift; path = UIView.swift; sourceTree = "<group>"; };
		E9393B1F2620BB1400E0D09F /* o_Montserrat.ttf */ = {isa = PBXFileReference; lastKnownFileType = file; path = o_Montserrat.ttf; sourceTree = "<group>"; };
		E9393B202620BB1400E0D09F /* o_MontserratBold.ttf */ = {isa = PBXFileReference; lastKnownFileType = file; path = o_MontserratBold.ttf; sourceTree = "<group>"; };
		E94F05C32629B6860039899C /* HowMuchSpyPopover.swift */ = {isa = PBXFileReference; lastKnownFileType = sourcecode.swift; path = HowMuchSpyPopover.swift; sourceTree = "<group>"; };
		E954F002261C950A00E89673 /* Spy.app */ = {isa = PBXFileReference; explicitFileType = wrapper.application; includeInIndex = 0; path = Spy.app; sourceTree = BUILT_PRODUCTS_DIR; };
		E954F005261C950B00E89673 /* AppDelegate.swift */ = {isa = PBXFileReference; lastKnownFileType = sourcecode.swift; path = AppDelegate.swift; sourceTree = "<group>"; };
		E954F007261C950B00E89673 /* SceneDelegate.swift */ = {isa = PBXFileReference; lastKnownFileType = sourcecode.swift; path = SceneDelegate.swift; sourceTree = "<group>"; };
		E954F009261C950B00E89673 /* Main_VC.swift */ = {isa = PBXFileReference; lastKnownFileType = sourcecode.swift; path = Main_VC.swift; sourceTree = "<group>"; };
		E954F00C261C950B00E89673 /* Base */ = {isa = PBXFileReference; lastKnownFileType = file.storyboard; name = Base; path = Base.lproj/Main.storyboard; sourceTree = "<group>"; };
		E954F00E261C950C00E89673 /* Assets.xcassets */ = {isa = PBXFileReference; lastKnownFileType = folder.assetcatalog; path = Assets.xcassets; sourceTree = "<group>"; };
		E954F011261C950C00E89673 /* Base */ = {isa = PBXFileReference; lastKnownFileType = file.storyboard; name = Base; path = Base.lproj/LaunchScreen.storyboard; sourceTree = "<group>"; };
		E954F013261C950C00E89673 /* Info.plist */ = {isa = PBXFileReference; lastKnownFileType = text.plist.xml; path = Info.plist; sourceTree = "<group>"; };
		E954F01E261C96D800E89673 /* Locations.swift */ = {isa = PBXFileReference; lastKnownFileType = sourcecode.swift; path = Locations.swift; sourceTree = "<group>"; };
		E9866458261F957300755D17 /* ButtonSpy.swift */ = {isa = PBXFileReference; lastKnownFileType = sourcecode.swift; path = ButtonSpy.swift; sourceTree = "<group>"; };
		E9CCA8D126290D4F008B5F24 /* ContainerForFAQ_VC.swift */ = {isa = PBXFileReference; lastKnownFileType = sourcecode.swift; path = ContainerForFAQ_VC.swift; sourceTree = "<group>"; };
		E9CCA8D426290D67008B5F24 /* FAQ_VC.swift */ = {isa = PBXFileReference; lastKnownFileType = sourcecode.swift; path = FAQ_VC.swift; sourceTree = "<group>"; };
		E9E0EC9026219309001AD4C9 /* UIViewController.swift */ = {isa = PBXFileReference; lastKnownFileType = sourcecode.swift; path = UIViewController.swift; sourceTree = "<group>"; };
		E9E7B69A261DE47300455F72 /* Locations_CVC.swift */ = {isa = PBXFileReference; lastKnownFileType = sourcecode.swift; path = Locations_CVC.swift; sourceTree = "<group>"; };
		E9E7B69D261DE49E00455F72 /* LocationCell.swift */ = {isa = PBXFileReference; lastKnownFileType = sourcecode.swift; path = LocationCell.swift; sourceTree = "<group>"; };
		E9E7B6A0261E0EA400455F72 /* SetGroup_VC.swift */ = {isa = PBXFileReference; lastKnownFileType = sourcecode.swift; path = SetGroup_VC.swift; sourceTree = "<group>"; };
		E9E7B6A7261E216400455F72 /* Container_VC.swift */ = {isa = PBXFileReference; lastKnownFileType = sourcecode.swift; path = Container_VC.swift; sourceTree = "<group>"; };
		E9FD485B261CC658005C29A1 /* WhoIsSpy_VC.swift */ = {isa = PBXFileReference; lastKnownFileType = sourcecode.swift; path = WhoIsSpy_VC.swift; sourceTree = "<group>"; };
		E9FD485E261D0F52005C29A1 /* Game_VC.swift */ = {isa = PBXFileReference; lastKnownFileType = sourcecode.swift; path = Game_VC.swift; sourceTree = "<group>"; };
/* End PBXFileReference section */

/* Begin PBXFrameworksBuildPhase section */
		E954EFFF261C950A00E89673 /* Frameworks */ = {
			isa = PBXFrameworksBuildPhase;
			buildActionMask = 2147483647;
			files = (
			);
			runOnlyForDeploymentPostprocessing = 0;
		};
/* End PBXFrameworksBuildPhase section */

/* Begin PBXGroup section */
		E9393B1A2620B4FD00E0D09F /* Extensions */ = {
			isa = PBXGroup;
			children = (
				E9393B1B2620B50A00E0D09F /* UIView.swift */,
				E9E0EC9026219309001AD4C9 /* UIViewController.swift */,
			);
			path = Extensions;
			sourceTree = "<group>";
		};
		E954EFF9261C950A00E89673 = {
			isa = PBXGroup;
			children = (
				E954F004261C950A00E89673 /* Spy */,
				E954F003261C950A00E89673 /* Products */,
			);
			sourceTree = "<group>";
		};
		E954F003261C950A00E89673 /* Products */ = {
			isa = PBXGroup;
			children = (
				E954F002261C950A00E89673 /* Spy.app */,
			);
			name = Products;
			sourceTree = "<group>";
		};
		E954F004261C950A00E89673 /* Spy */ = {
			isa = PBXGroup;
			children = (
				E9393B1A2620B4FD00E0D09F /* Extensions */,
				E972BD5E262061250005D20D /* Fonts */,
				E954F01D261C96C700E89673 /* Data model */,
				E9FD4864261D0F6D005C29A1 /* Supportings */,
				E9FD4862261D0F59005C29A1 /* ViewControllers */,
				E9FD4868261D0FB8005C29A1 /* Storyboards */,
				E9FD4867261D0FA1005C29A1 /* Files */,
			);
			path = Spy;
			sourceTree = "<group>";
		};
		E954F01D261C96C700E89673 /* Data model */ = {
			isa = PBXGroup;
			children = (
				E954F01E261C96D800E89673 /* Locations.swift */,
			);
			path = "Data model";
			sourceTree = "<group>";
		};
		E972BD5E262061250005D20D /* Fonts */ = {
			isa = PBXGroup;
			children = (
				E9393B1F2620BB1400E0D09F /* o_Montserrat.ttf */,
				E9393B202620BB1400E0D09F /* o_MontserratBold.ttf */,
			);
			path = Fonts;
			sourceTree = "<group>";
		};
		E9FD4862261D0F59005C29A1 /* ViewControllers */ = {
			isa = PBXGroup;
			children = (
				E954F009261C950B00E89673 /* Main_VC.swift */,
				E9E7B69A261DE47300455F72 /* Locations_CVC.swift */,
				E9E7B6A0261E0EA400455F72 /* SetGroup_VC.swift */,
				E9FD485B261CC658005C29A1 /* WhoIsSpy_VC.swift */,
				E9FD485E261D0F52005C29A1 /* Game_VC.swift */,
				E9CCA8D426290D67008B5F24 /* FAQ_VC.swift */,
			);
			path = ViewControllers;
			sourceTree = "<group>";
		};
		E9FD4864261D0F6D005C29A1 /* Supportings */ = {
			isa = PBXGroup;
			children = (
				E954F005261C950B00E89673 /* AppDelegate.swift */,
				E954F007261C950B00E89673 /* SceneDelegate.swift */,
				E9866458261F957300755D17 /* ButtonSpy.swift */,
				E9E7B69D261DE49E00455F72 /* LocationCell.swift */,
				E9E7B6A7261E216400455F72 /* Container_VC.swift */,
				E9CCA8D126290D4F008B5F24 /* ContainerForFAQ_VC.swift */,
				E94F05C32629B6860039899C /* HowMuchSpyPopover.swift */,
				E954F013261C950C00E89673 /* Info.plist */,
			);
			path = Supportings;
			sourceTree = "<group>";
		};
		E9FD4867261D0FA1005C29A1 /* Files */ = {
			isa = PBXGroup;
			children = (
				E954F00E261C950C00E89673 /* Assets.xcassets */,
			);
			path = Files;
			sourceTree = "<group>";
		};
		E9FD4868261D0FB8005C29A1 /* Storyboards */ = {
			isa = PBXGroup;
			children = (
				E954F00B261C950B00E89673 /* Main.storyboard */,
				E954F010261C950C00E89673 /* LaunchScreen.storyboard */,
			);
			path = Storyboards;
			sourceTree = "<group>";
		};
/* End PBXGroup section */

/* Begin PBXNativeTarget section */
		E954F001261C950A00E89673 /* Spy */ = {
			isa = PBXNativeTarget;
			buildConfigurationList = E954F016261C950C00E89673 /* Build configuration list for PBXNativeTarget "Spy" */;
			buildPhases = (
				E954EFFE261C950A00E89673 /* Sources */,
				E954EFFF261C950A00E89673 /* Frameworks */,
				E954F000261C950A00E89673 /* Resources */,
			);
			buildRules = (
			);
			dependencies = (
			);
			name = Spy;
			productName = Spy;
			productReference = E954F002261C950A00E89673 /* Spy.app */;
			productType = "com.apple.product-type.application";
		};
/* End PBXNativeTarget section */

/* Begin PBXProject section */
		E954EFFA261C950A00E89673 /* Project object */ = {
			isa = PBXProject;
			attributes = {
				LastSwiftUpdateCheck = 1240;
				LastUpgradeCheck = 1240;
				TargetAttributes = {
					E954F001261C950A00E89673 = {
						CreatedOnToolsVersion = 12.4;
					};
				};
			};
			buildConfigurationList = E954EFFD261C950A00E89673 /* Build configuration list for PBXProject "Spy" */;
			compatibilityVersion = "Xcode 9.3";
			developmentRegion = en;
			hasScannedForEncodings = 0;
			knownRegions = (
				en,
				Base,
			);
			mainGroup = E954EFF9261C950A00E89673;
			productRefGroup = E954F003261C950A00E89673 /* Products */;
			projectDirPath = "";
			projectRoot = "";
			targets = (
				E954F001261C950A00E89673 /* Spy */,
			);
		};
/* End PBXProject section */

/* Begin PBXResourcesBuildPhase section */
		E954F000261C950A00E89673 /* Resources */ = {
			isa = PBXResourcesBuildPhase;
			buildActionMask = 2147483647;
			files = (
				E954F012261C950C00E89673 /* LaunchScreen.storyboard in Resources */,
				E9393B222620BB1400E0D09F /* o_MontserratBold.ttf in Resources */,
				E9393B212620BB1400E0D09F /* o_Montserrat.ttf in Resources */,
				E954F00F261C950C00E89673 /* Assets.xcassets in Resources */,
				E954F00D261C950B00E89673 /* Main.storyboard in Resources */,
			);
			runOnlyForDeploymentPostprocessing = 0;
		};
/* End PBXResourcesBuildPhase section */

/* Begin PBXSourcesBuildPhase section */
		E954EFFE261C950A00E89673 /* Sources */ = {
			isa = PBXSourcesBuildPhase;
			buildActionMask = 2147483647;
			files = (
				E9E0EC9126219309001AD4C9 /* UIViewController.swift in Sources */,
				E9393B1C2620B50A00E0D09F /* UIView.swift in Sources */,
				E954F00A261C950B00E89673 /* Main_VC.swift in Sources */,
				E954F006261C950B00E89673 /* AppDelegate.swift in Sources */,
				E94F05C42629B6860039899C /* HowMuchSpyPopover.swift in Sources */,
				E9FD485F261D0F52005C29A1 /* Game_VC.swift in Sources */,
				E954F01F261C96D800E89673 /* Locations.swift in Sources */,
				E9E7B69B261DE47300455F72 /* Locations_CVC.swift in Sources */,
				E9866459261F957300755D17 /* ButtonSpy.swift in Sources */,
				E9E7B6A8261E216400455F72 /* Container_VC.swift in Sources */,
				E9CCA8D526290D67008B5F24 /* FAQ_VC.swift in Sources */,
				E9CCA8D226290D4F008B5F24 /* ContainerForFAQ_VC.swift in Sources */,
				E9E7B69E261DE49E00455F72 /* LocationCell.swift in Sources */,
				E9E7B6A1261E0EA400455F72 /* SetGroup_VC.swift in Sources */,
				E9FD485C261CC658005C29A1 /* WhoIsSpy_VC.swift in Sources */,
				E954F008261C950B00E89673 /* SceneDelegate.swift in Sources */,
			);
			runOnlyForDeploymentPostprocessing = 0;
		};
/* End PBXSourcesBuildPhase section */

/* Begin PBXVariantGroup section */
		E954F00B261C950B00E89673 /* Main.storyboard */ = {
			isa = PBXVariantGroup;
			children = (
				E954F00C261C950B00E89673 /* Base */,
			);
			name = Main.storyboard;
			sourceTree = "<group>";
		};
		E954F010261C950C00E89673 /* LaunchScreen.storyboard */ = {
			isa = PBXVariantGroup;
			children = (
				E954F011261C950C00E89673 /* Base */,
			);
			name = LaunchScreen.storyboard;
			sourceTree = "<group>";
		};
/* End PBXVariantGroup section */

/* Begin XCBuildConfiguration section */
		E954F014261C950C00E89673 /* Debug */ = {
			isa = XCBuildConfiguration;
			buildSettings = {
				ALWAYS_SEARCH_USER_PATHS = NO;
				CLANG_ANALYZER_NONNULL = YES;
				CLANG_ANALYZER_NUMBER_OBJECT_CONVERSION = YES_AGGRESSIVE;
				CLANG_CXX_LANGUAGE_STANDARD = "gnu++14";
				CLANG_CXX_LIBRARY = "libc++";
				CLANG_ENABLE_MODULES = YES;
				CLANG_ENABLE_OBJC_ARC = YES;
				CLANG_ENABLE_OBJC_WEAK = YES;
				CLANG_WARN_BLOCK_CAPTURE_AUTORELEASING = YES;
				CLANG_WARN_BOOL_CONVERSION = YES;
				CLANG_WARN_COMMA = YES;
				CLANG_WARN_CONSTANT_CONVERSION = YES;
				CLANG_WARN_DEPRECATED_OBJC_IMPLEMENTATIONS = YES;
				CLANG_WARN_DIRECT_OBJC_ISA_USAGE = YES_ERROR;
				CLANG_WARN_DOCUMENTATION_COMMENTS = YES;
				CLANG_WARN_EMPTY_BODY = YES;
				CLANG_WARN_ENUM_CONVERSION = YES;
				CLANG_WARN_INFINITE_RECURSION = YES;
				CLANG_WARN_INT_CONVERSION = YES;
				CLANG_WARN_NON_LITERAL_NULL_CONVERSION = YES;
				CLANG_WARN_OBJC_IMPLICIT_RETAIN_SELF = YES;
				CLANG_WARN_OBJC_LITERAL_CONVERSION = YES;
				CLANG_WARN_OBJC_ROOT_CLASS = YES_ERROR;
				CLANG_WARN_QUOTED_INCLUDE_IN_FRAMEWORK_HEADER = YES;
				CLANG_WARN_RANGE_LOOP_ANALYSIS = YES;
				CLANG_WARN_STRICT_PROTOTYPES = YES;
				CLANG_WARN_SUSPICIOUS_MOVE = YES;
				CLANG_WARN_UNGUARDED_AVAILABILITY = YES_AGGRESSIVE;
				CLANG_WARN_UNREACHABLE_CODE = YES;
				CLANG_WARN__DUPLICATE_METHOD_MATCH = YES;
				COPY_PHASE_STRIP = NO;
				DEBUG_INFORMATION_FORMAT = dwarf;
				ENABLE_STRICT_OBJC_MSGSEND = YES;
				ENABLE_TESTABILITY = YES;
				GCC_C_LANGUAGE_STANDARD = gnu11;
				GCC_DYNAMIC_NO_PIC = NO;
				GCC_NO_COMMON_BLOCKS = YES;
				GCC_OPTIMIZATION_LEVEL = 0;
				GCC_PREPROCESSOR_DEFINITIONS = (
					"DEBUG=1",
					"$(inherited)",
				);
				GCC_WARN_64_TO_32_BIT_CONVERSION = YES;
				GCC_WARN_ABOUT_RETURN_TYPE = YES_ERROR;
				GCC_WARN_UNDECLARED_SELECTOR = YES;
				GCC_WARN_UNINITIALIZED_AUTOS = YES_AGGRESSIVE;
				GCC_WARN_UNUSED_FUNCTION = YES;
				GCC_WARN_UNUSED_VARIABLE = YES;
				IPHONEOS_DEPLOYMENT_TARGET = 14.4;
				MTL_ENABLE_DEBUG_INFO = INCLUDE_SOURCE;
				MTL_FAST_MATH = YES;
				ONLY_ACTIVE_ARCH = YES;
				SDKROOT = iphoneos;
				SWIFT_ACTIVE_COMPILATION_CONDITIONS = DEBUG;
				SWIFT_OPTIMIZATION_LEVEL = "-Onone";
			};
			name = Debug;
		};
		E954F015261C950C00E89673 /* Release */ = {
			isa = XCBuildConfiguration;
			buildSettings = {
				ALWAYS_SEARCH_USER_PATHS = NO;
				CLANG_ANALYZER_NONNULL = YES;
				CLANG_ANALYZER_NUMBER_OBJECT_CONVERSION = YES_AGGRESSIVE;
				CLANG_CXX_LANGUAGE_STANDARD = "gnu++14";
				CLANG_CXX_LIBRARY = "libc++";
				CLANG_ENABLE_MODULES = YES;
				CLANG_ENABLE_OBJC_ARC = YES;
				CLANG_ENABLE_OBJC_WEAK = YES;
				CLANG_WARN_BLOCK_CAPTURE_AUTORELEASING = YES;
				CLANG_WARN_BOOL_CONVERSION = YES;
				CLANG_WARN_COMMA = YES;
				CLANG_WARN_CONSTANT_CONVERSION = YES;
				CLANG_WARN_DEPRECATED_OBJC_IMPLEMENTATIONS = YES;
				CLANG_WARN_DIRECT_OBJC_ISA_USAGE = YES_ERROR;
				CLANG_WARN_DOCUMENTATION_COMMENTS = YES;
				CLANG_WARN_EMPTY_BODY = YES;
				CLANG_WARN_ENUM_CONVERSION = YES;
				CLANG_WARN_INFINITE_RECURSION = YES;
				CLANG_WARN_INT_CONVERSION = YES;
				CLANG_WARN_NON_LITERAL_NULL_CONVERSION = YES;
				CLANG_WARN_OBJC_IMPLICIT_RETAIN_SELF = YES;
				CLANG_WARN_OBJC_LITERAL_CONVERSION = YES;
				CLANG_WARN_OBJC_ROOT_CLASS = YES_ERROR;
				CLANG_WARN_QUOTED_INCLUDE_IN_FRAMEWORK_HEADER = YES;
				CLANG_WARN_RANGE_LOOP_ANALYSIS = YES;
				CLANG_WARN_STRICT_PROTOTYPES = YES;
				CLANG_WARN_SUSPICIOUS_MOVE = YES;
				CLANG_WARN_UNGUARDED_AVAILABILITY = YES_AGGRESSIVE;
				CLANG_WARN_UNREACHABLE_CODE = YES;
				CLANG_WARN__DUPLICATE_METHOD_MATCH = YES;
				COPY_PHASE_STRIP = NO;
				DEBUG_INFORMATION_FORMAT = "dwarf-with-dsym";
				ENABLE_NS_ASSERTIONS = NO;
				ENABLE_STRICT_OBJC_MSGSEND = YES;
				GCC_C_LANGUAGE_STANDARD = gnu11;
				GCC_NO_COMMON_BLOCKS = YES;
				GCC_WARN_64_TO_32_BIT_CONVERSION = YES;
				GCC_WARN_ABOUT_RETURN_TYPE = YES_ERROR;
				GCC_WARN_UNDECLARED_SELECTOR = YES;
				GCC_WARN_UNINITIALIZED_AUTOS = YES_AGGRESSIVE;
				GCC_WARN_UNUSED_FUNCTION = YES;
				GCC_WARN_UNUSED_VARIABLE = YES;
				IPHONEOS_DEPLOYMENT_TARGET = 14.4;
				MTL_ENABLE_DEBUG_INFO = NO;
				MTL_FAST_MATH = YES;
				SDKROOT = iphoneos;
				SWIFT_COMPILATION_MODE = wholemodule;
				SWIFT_OPTIMIZATION_LEVEL = "-O";
				VALIDATE_PRODUCT = YES;
			};
			name = Release;
		};
		E954F017261C950C00E89673 /* Debug */ = {
			isa = XCBuildConfiguration;
			buildSettings = {
				ASSETCATALOG_COMPILER_APPICON_NAME = AppIcon;
				ASSETCATALOG_COMPILER_GLOBAL_ACCENT_COLOR_NAME = AccentColor;
				CODE_SIGN_STYLE = Automatic;
				DEVELOPMENT_TEAM = UHQ7TS5P9H;
				INFOPLIST_FILE = Spy/Supportings/Info.plist;
				IPHONEOS_DEPLOYMENT_TARGET = 14.1;
				LD_RUNPATH_SEARCH_PATHS = (
					"$(inherited)",
					"@executable_path/Frameworks",
				);
				PRODUCT_BUNDLE_IDENTIFIER = voxx.Spy;
				PRODUCT_NAME = "$(TARGET_NAME)";
				SWIFT_ENFORCE_EXCLUSIVE_ACCESS = on;
				SWIFT_VERSION = 5.0;
				TARGETED_DEVICE_FAMILY = "1,2";
			};
			name = Debug;
		};
		E954F018261C950C00E89673 /* Release */ = {
			isa = XCBuildConfiguration;
			buildSettings = {
				ASSETCATALOG_COMPILER_APPICON_NAME = AppIcon;
				ASSETCATALOG_COMPILER_GLOBAL_ACCENT_COLOR_NAME = AccentColor;
				CODE_SIGN_STYLE = Automatic;
				DEVELOPMENT_TEAM = UHQ7TS5P9H;
				INFOPLIST_FILE = Spy/Supportings/Info.plist;
				IPHONEOS_DEPLOYMENT_TARGET = 14.1;
				LD_RUNPATH_SEARCH_PATHS = (
					"$(inherited)",
					"@executable_path/Frameworks",
				);
				PRODUCT_BUNDLE_IDENTIFIER = voxx.Spy;
				PRODUCT_NAME = "$(TARGET_NAME)";
				SWIFT_ENFORCE_EXCLUSIVE_ACCESS = on;
				SWIFT_VERSION = 5.0;
				TARGETED_DEVICE_FAMILY = "1,2";
			};
			name = Release;
		};
/* End XCBuildConfiguration section */

/* Begin XCConfigurationList section */
		E954EFFD261C950A00E89673 /* Build configuration list for PBXProject "Spy" */ = {
			isa = XCConfigurationList;
			buildConfigurations = (
				E954F014261C950C00E89673 /* Debug */,
				E954F015261C950C00E89673 /* Release */,
			);
			defaultConfigurationIsVisible = 0;
			defaultConfigurationName = Release;
		};
		E954F016261C950C00E89673 /* Build configuration list for PBXNativeTarget "Spy" */ = {
			isa = XCConfigurationList;
			buildConfigurations = (
				E954F017261C950C00E89673 /* Debug */,
				E954F018261C950C00E89673 /* Release */,
			);
			defaultConfigurationIsVisible = 0;
			defaultConfigurationName = Release;
		};
/* End XCConfigurationList section */
	};
	rootObject = E954EFFA261C950A00E89673 /* Project object */;
}
