// !$*UTF8*$!
{
	archiveVersion = 1;
	classes = {
	};
	objectVersion = 51;
	objects = {

/* Begin PBXBuildFile section */
		E91D1C64262AE53C0007736F /* DataManager.swift in Sources */ = {isa = PBXBuildFile; fileRef = E91D1C63262AE53C0007736F /* DataManager.swift */; };
		E9393B1C2620B50A00E0D09F /* UIView.swift in Sources */ = {isa = PBXBuildFile; fileRef = E9393B1B2620B50A00E0D09F /* UIView.swift */; };
		E9393B212620BB1400E0D09F /* o_Montserrat.ttf in Resources */ = {isa = PBXBuildFile; fileRef = E9393B1F2620BB1400E0D09F /* o_Montserrat.ttf */; };
		E9393B222620BB1400E0D09F /* o_MontserratBold.ttf in Resources */ = {isa = PBXBuildFile; fileRef = E9393B202620BB1400E0D09F /* o_MontserratBold.ttf */; };
		E93A3C962631AF3600312B47 /* RateManager.swift in Sources */ = {isa = PBXBuildFile; fileRef = E93A3C952631AF3600312B47 /* RateManager.swift */; };
		E94F05C42629B6860039899C /* HowManySpiesPopover.swift in Sources */ = {isa = PBXBuildFile; fileRef = E94F05C32629B6860039899C /* HowManySpiesPopover.swift */; };
		E954F006261C950B00E89673 /* AppDelegate.swift in Sources */ = {isa = PBXBuildFile; fileRef = E954F005261C950B00E89673 /* AppDelegate.swift */; };
		E954F008261C950B00E89673 /* SceneDelegate.swift in Sources */ = {isa = PBXBuildFile; fileRef = E954F007261C950B00E89673 /* SceneDelegate.swift */; };
		E954F00A261C950B00E89673 /* MainVC.swift in Sources */ = {isa = PBXBuildFile; fileRef = E954F009261C950B00E89673 /* MainVC.swift */; };
		E954F00D261C950B00E89673 /* Main.storyboard in Resources */ = {isa = PBXBuildFile; fileRef = E954F00B261C950B00E89673 /* Main.storyboard */; };
		E954F00F261C950C00E89673 /* Assets.xcassets in Resources */ = {isa = PBXBuildFile; fileRef = E954F00E261C950C00E89673 /* Assets.xcassets */; };
		E954F012261C950C00E89673 /* LaunchScreen.storyboard in Resources */ = {isa = PBXBuildFile; fileRef = E954F010261C950C00E89673 /* LaunchScreen.storyboard */; };
		E954F01F261C96D800E89673 /* LocationGroupes.swift in Sources */ = {isa = PBXBuildFile; fileRef = E954F01E261C96D800E89673 /* LocationGroupes.swift */; };
		E9569479262F625700F054C1 /* LayoutHelper.framework in Frameworks */ = {isa = PBXBuildFile; fileRef = E9569477262F607E00F054C1 /* LayoutHelper.framework */; };
		E97C7A16262B1556001D75F7 /* FaqVC.swift in Sources */ = {isa = PBXBuildFile; fileRef = E97C7A15262B1556001D75F7 /* FaqVC.swift */; };
		E9B8DD63262C6FB7002B623A /* UITextField.swift in Sources */ = {isa = PBXBuildFile; fileRef = E9B8DD62262C6FB7002B623A /* UITextField.swift */; };
		E9CCA8D226290D4F008B5F24 /* ContainerForFaqVC.swift in Sources */ = {isa = PBXBuildFile; fileRef = E9CCA8D126290D4F008B5F24 /* ContainerForFaqVC.swift */; };
		E9E0EC9126219309001AD4C9 /* UIViewController.swift in Sources */ = {isa = PBXBuildFile; fileRef = E9E0EC9026219309001AD4C9 /* UIViewController.swift */; };
		E9E7B69B261DE47300455F72 /* LocationsVC.swift in Sources */ = {isa = PBXBuildFile; fileRef = E9E7B69A261DE47300455F72 /* LocationsVC.swift */; };
		E9E7B69E261DE49E00455F72 /* LocationCell.swift in Sources */ = {isa = PBXBuildFile; fileRef = E9E7B69D261DE49E00455F72 /* LocationCell.swift */; };
		E9E7B6A1261E0EA400455F72 /* SetGroupVC.swift in Sources */ = {isa = PBXBuildFile; fileRef = E9E7B6A0261E0EA400455F72 /* SetGroupVC.swift */; };
		E9E7B6A8261E216400455F72 /* ContainerForTableViewVC.swift in Sources */ = {isa = PBXBuildFile; fileRef = E9E7B6A7261E216400455F72 /* ContainerForTableViewVC.swift */; };
		E9EC35EF26518CFF001FB35B /* Game.swift in Sources */ = {isa = PBXBuildFile; fileRef = E9EC35EE26518CFF001FB35B /* Game.swift */; };
		E9EE0E1C262F4C61002061C7 /* Pods_Spy.framework in Frameworks */ = {isa = PBXBuildFile; fileRef = 50E99E07ABBE0B84C5FD22EE /* Pods_Spy.framework */; settings = {ATTRIBUTES = (Required, ); }; };
		E9FD485C261CC658005C29A1 /* WhoIsSpyVC.swift in Sources */ = {isa = PBXBuildFile; fileRef = E9FD485B261CC658005C29A1 /* WhoIsSpyVC.swift */; };
		E9FD485F261D0F52005C29A1 /* GameVC.swift in Sources */ = {isa = PBXBuildFile; fileRef = E9FD485E261D0F52005C29A1 /* GameVC.swift */; };
/* End PBXBuildFile section */

/* Begin PBXFileReference section */
		49063B9FF2375D28AE9FAD77 /* Pods-Spy.release.xcconfig */ = {isa = PBXFileReference; includeInIndex = 1; lastKnownFileType = text.xcconfig; name = "Pods-Spy.release.xcconfig"; path = "Target Support Files/Pods-Spy/Pods-Spy.release.xcconfig"; sourceTree = "<group>"; };
		50E99E07ABBE0B84C5FD22EE /* Pods_Spy.framework */ = {isa = PBXFileReference; explicitFileType = wrapper.framework; includeInIndex = 0; path = Pods_Spy.framework; sourceTree = BUILT_PRODUCTS_DIR; };
		7FE8F449D5A0DACDAD7E9D43 /* Pods-Spy.debug.xcconfig */ = {isa = PBXFileReference; includeInIndex = 1; lastKnownFileType = text.xcconfig; name = "Pods-Spy.debug.xcconfig"; path = "Target Support Files/Pods-Spy/Pods-Spy.debug.xcconfig"; sourceTree = "<group>"; };
		E9114D75262F589700AFFD9B /* LayoutHelper.framework */ = {isa = PBXFileReference; explicitFileType = wrapper.framework; path = LayoutHelper.framework; sourceTree = BUILT_PRODUCTS_DIR; };
		E91D1C63262AE53C0007736F /* DataManager.swift */ = {isa = PBXFileReference; lastKnownFileType = sourcecode.swift; path = DataManager.swift; sourceTree = "<group>"; };
		E9393B1B2620B50A00E0D09F /* UIView.swift */ = {isa = PBXFileReference; lastKnownFileType = sourcecode.swift; path = UIView.swift; sourceTree = "<group>"; };
		E9393B1F2620BB1400E0D09F /* o_Montserrat.ttf */ = {isa = PBXFileReference; lastKnownFileType = file; path = o_Montserrat.ttf; sourceTree = "<group>"; };
		E9393B202620BB1400E0D09F /* o_MontserratBold.ttf */ = {isa = PBXFileReference; lastKnownFileType = file; path = o_MontserratBold.ttf; sourceTree = "<group>"; };
		E93A3C952631AF3600312B47 /* RateManager.swift */ = {isa = PBXFileReference; lastKnownFileType = sourcecode.swift; path = RateManager.swift; sourceTree = "<group>"; };
		E94F05C32629B6860039899C /* HowManySpiesPopover.swift */ = {isa = PBXFileReference; lastKnownFileType = sourcecode.swift; path = HowManySpiesPopover.swift; sourceTree = "<group>"; };
		E954F002261C950A00E89673 /* Spy.app */ = {isa = PBXFileReference; explicitFileType = wrapper.application; includeInIndex = 0; path = Spy.app; sourceTree = BUILT_PRODUCTS_DIR; };
		E954F005261C950B00E89673 /* AppDelegate.swift */ = {isa = PBXFileReference; lastKnownFileType = sourcecode.swift; path = AppDelegate.swift; sourceTree = "<group>"; };
		E954F007261C950B00E89673 /* SceneDelegate.swift */ = {isa = PBXFileReference; lastKnownFileType = sourcecode.swift; path = SceneDelegate.swift; sourceTree = "<group>"; };
		E954F009261C950B00E89673 /* MainVC.swift */ = {isa = PBXFileReference; lastKnownFileType = sourcecode.swift; path = MainVC.swift; sourceTree = "<group>"; };
		E954F00C261C950B00E89673 /* Base */ = {isa = PBXFileReference; lastKnownFileType = file.storyboard; name = Base; path = Base.lproj/Main.storyboard; sourceTree = "<group>"; };
		E954F00E261C950C00E89673 /* Assets.xcassets */ = {isa = PBXFileReference; lastKnownFileType = folder.assetcatalog; path = Assets.xcassets; sourceTree = "<group>"; };
		E954F011261C950C00E89673 /* Base */ = {isa = PBXFileReference; lastKnownFileType = file.storyboard; name = Base; path = Base.lproj/LaunchScreen.storyboard; sourceTree = "<group>"; };
		E954F013261C950C00E89673 /* Info.plist */ = {isa = PBXFileReference; lastKnownFileType = text.plist.xml; path = Info.plist; sourceTree = "<group>"; };
		E954F01E261C96D800E89673 /* LocationGroupes.swift */ = {isa = PBXFileReference; lastKnownFileType = sourcecode.swift; path = LocationGroupes.swift; sourceTree = "<group>"; };
		E9569477262F607E00F054C1 /* LayoutHelper.framework */ = {isa = PBXFileReference; explicitFileType = wrapper.framework; path = LayoutHelper.framework; sourceTree = BUILT_PRODUCTS_DIR; };
		E97C7A15262B1556001D75F7 /* FaqVC.swift */ = {isa = PBXFileReference; lastKnownFileType = sourcecode.swift; path = FaqVC.swift; sourceTree = "<group>"; };
		E9B8DD62262C6FB7002B623A /* UITextField.swift */ = {isa = PBXFileReference; lastKnownFileType = sourcecode.swift; path = UITextField.swift; sourceTree = "<group>"; };
		E9CCA8D126290D4F008B5F24 /* ContainerForFaqVC.swift */ = {isa = PBXFileReference; lastKnownFileType = sourcecode.swift; path = ContainerForFaqVC.swift; sourceTree = "<group>"; };
		E9E0EC9026219309001AD4C9 /* UIViewController.swift */ = {isa = PBXFileReference; lastKnownFileType = sourcecode.swift; path = UIViewController.swift; sourceTree = "<group>"; };
		E9E7B69A261DE47300455F72 /* LocationsVC.swift */ = {isa = PBXFileReference; lastKnownFileType = sourcecode.swift; path = LocationsVC.swift; sourceTree = "<group>"; };
		E9E7B69D261DE49E00455F72 /* LocationCell.swift */ = {isa = PBXFileReference; lastKnownFileType = sourcecode.swift; path = LocationCell.swift; sourceTree = "<group>"; };
		E9E7B6A0261E0EA400455F72 /* SetGroupVC.swift */ = {isa = PBXFileReference; lastKnownFileType = sourcecode.swift; path = SetGroupVC.swift; sourceTree = "<group>"; };
		E9E7B6A7261E216400455F72 /* ContainerForTableViewVC.swift */ = {isa = PBXFileReference; lastKnownFileType = sourcecode.swift; path = ContainerForTableViewVC.swift; sourceTree = "<group>"; };
		E9EC35EE26518CFF001FB35B /* Game.swift */ = {isa = PBXFileReference; lastKnownFileType = sourcecode.swift; path = Game.swift; sourceTree = "<group>"; };
		E9EE0E18262F4C5A002061C7 /* LayoutHelper.framework */ = {isa = PBXFileReference; explicitFileType = wrapper.framework; path = LayoutHelper.framework; sourceTree = BUILT_PRODUCTS_DIR; };
		E9EE0E1E262F551A002061C7 /* LayoutHelper.framework */ = {isa = PBXFileReference; explicitFileType = wrapper.framework; path = LayoutHelper.framework; sourceTree = BUILT_PRODUCTS_DIR; };
		E9FD485B261CC658005C29A1 /* WhoIsSpyVC.swift */ = {isa = PBXFileReference; lastKnownFileType = sourcecode.swift; path = WhoIsSpyVC.swift; sourceTree = "<group>"; };
		E9FD485E261D0F52005C29A1 /* GameVC.swift */ = {isa = PBXFileReference; lastKnownFileType = sourcecode.swift; path = GameVC.swift; sourceTree = "<group>"; };
/* End PBXFileReference section */

/* Begin PBXFrameworksBuildPhase section */
		E954EFFF261C950A00E89673 /* Frameworks */ = {
			isa = PBXFrameworksBuildPhase;
			buildActionMask = 2147483647;
			files = (
				E9569479262F625700F054C1 /* LayoutHelper.framework in Frameworks */,
				E9EE0E1C262F4C61002061C7 /* Pods_Spy.framework in Frameworks */,
			);
			runOnlyForDeploymentPostprocessing = 0;
		};
/* End PBXFrameworksBuildPhase section */

/* Begin PBXGroup section */
		7F6C3F86C3B368D96042F9EA /* Frameworks */ = {
			isa = PBXGroup;
			children = (
				E9569477262F607E00F054C1 /* LayoutHelper.framework */,
				E9114D75262F589700AFFD9B /* LayoutHelper.framework */,
				E9EE0E1E262F551A002061C7 /* LayoutHelper.framework */,
				E9EE0E18262F4C5A002061C7 /* LayoutHelper.framework */,
				50E99E07ABBE0B84C5FD22EE /* Pods_Spy.framework */,
			);
			name = Frameworks;
			sourceTree = "<group>";
		};
		C04D94C80A05DA11FDBC4920 /* Pods */ = {
			isa = PBXGroup;
			children = (
				7FE8F449D5A0DACDAD7E9D43 /* Pods-Spy.debug.xcconfig */,
				49063B9FF2375D28AE9FAD77 /* Pods-Spy.release.xcconfig */,
			);
			path = Pods;
			sourceTree = "<group>";
		};
		E91D1C62262AE52C0007736F /* Service */ = {
			isa = PBXGroup;
			children = (
				E91D1C63262AE53C0007736F /* DataManager.swift */,
				E93A3C952631AF3600312B47 /* RateManager.swift */,
			);
			path = Service;
			sourceTree = "<group>";
		};
		E9393B1A2620B4FD00E0D09F /* Extensions */ = {
			isa = PBXGroup;
			children = (
				E9393B1B2620B50A00E0D09F /* UIView.swift */,
				E9E0EC9026219309001AD4C9 /* UIViewController.swift */,
				E9B8DD62262C6FB7002B623A /* UITextField.swift */,
			);
			path = Extensions;
			sourceTree = "<group>";
		};
		E954EFF9261C950A00E89673 = {
			isa = PBXGroup;
			children = (
				E954F004261C950A00E89673 /* Spy */,
				E954F003261C950A00E89673 /* Products */,
				C04D94C80A05DA11FDBC4920 /* Pods */,
				7F6C3F86C3B368D96042F9EA /* Frameworks */,
			);
			sourceTree = "<group>";
		};
		E954F003261C950A00E89673 /* Products */ = {
			isa = PBXGroup;
			children = (
				E954F002261C950A00E89673 /* Spy.app */,
			);
			name = Products;
			sourceTree = "<group>";
		};
		E954F004261C950A00E89673 /* Spy */ = {
			isa = PBXGroup;
			children = (
				E9393B1A2620B4FD00E0D09F /* Extensions */,
				E972BD5E262061250005D20D /* Fonts */,
				E91D1C62262AE52C0007736F /* Service */,
				E954F01D261C96C700E89673 /* Data model */,
				E9FD4864261D0F6D005C29A1 /* Supportings */,
				E9FD4862261D0F59005C29A1 /* ViewControllers */,
				E97C7A24262B8A7B001D75F7 /* ViewControllersSupport */,
				E9FD4868261D0FB8005C29A1 /* Storyboards */,
				E9FD4867261D0FA1005C29A1 /* Files */,
			);
			path = Spy;
			sourceTree = "<group>";
		};
		E954F01D261C96C700E89673 /* Data model */ = {
			isa = PBXGroup;
			children = (
				E954F01E261C96D800E89673 /* LocationGroupes.swift */,
				E9EC35EE26518CFF001FB35B /* Game.swift */,
			);
			path = "Data model";
			sourceTree = "<group>";
		};
		E972BD5E262061250005D20D /* Fonts */ = {
			isa = PBXGroup;
			children = (
				E9393B1F2620BB1400E0D09F /* o_Montserrat.ttf */,
				E9393B202620BB1400E0D09F /* o_MontserratBold.ttf */,
			);
			path = Fonts;
			sourceTree = "<group>";
		};
		E97C7A24262B8A7B001D75F7 /* ViewControllersSupport */ = {
			isa = PBXGroup;
			children = (
				E9E7B69D261DE49E00455F72 /* LocationCell.swift */,
				E9E7B6A7261E216400455F72 /* ContainerForTableViewVC.swift */,
				E9CCA8D126290D4F008B5F24 /* ContainerForFaqVC.swift */,
				E94F05C32629B6860039899C /* HowManySpiesPopover.swift */,
			);
			path = ViewControllersSupport;
			sourceTree = "<group>";
		};
		E9FD4862261D0F59005C29A1 /* ViewControllers */ = {
			isa = PBXGroup;
			children = (
				E954F009261C950B00E89673 /* MainVC.swift */,
				E9E7B69A261DE47300455F72 /* LocationsVC.swift */,
				E9E7B6A0261E0EA400455F72 /* SetGroupVC.swift */,
				E9FD485B261CC658005C29A1 /* WhoIsSpyVC.swift */,
				E9FD485E261D0F52005C29A1 /* GameVC.swift */,
				E97C7A15262B1556001D75F7 /* FaqVC.swift */,
			);
			path = ViewControllers;
			sourceTree = "<group>";
		};
		E9FD4864261D0F6D005C29A1 /* Supportings */ = {
			isa = PBXGroup;
			children = (
				E954F005261C950B00E89673 /* AppDelegate.swift */,
				E954F007261C950B00E89673 /* SceneDelegate.swift */,
				E954F013261C950C00E89673 /* Info.plist */,
			);
			path = Supportings;
			sourceTree = "<group>";
		};
		E9FD4867261D0FA1005C29A1 /* Files */ = {
			isa = PBXGroup;
			children = (
				E954F00E261C950C00E89673 /* Assets.xcassets */,
			);
			path = Files;
			sourceTree = "<group>";
		};
		E9FD4868261D0FB8005C29A1 /* Storyboards */ = {
			isa = PBXGroup;
			children = (
				E954F00B261C950B00E89673 /* Main.storyboard */,
				E954F010261C950C00E89673 /* LaunchScreen.storyboard */,
			);
			path = Storyboards;
			sourceTree = "<group>";
		};
/* End PBXGroup section */

/* Begin PBXNativeTarget section */
		E954F001261C950A00E89673 /* Spy */ = {
			isa = PBXNativeTarget;
			buildConfigurationList = E954F016261C950C00E89673 /* Build configuration list for PBXNativeTarget "Spy" */;
			buildPhases = (
				2259422D26AEAAE98870809F /* [CP] Check Pods Manifest.lock */,
				E954EFFE261C950A00E89673 /* Sources */,
				E954EFFF261C950A00E89673 /* Frameworks */,
				E954F000261C950A00E89673 /* Resources */,
				16262A78F85A6C84EB7E0743 /* [CP] Embed Pods Frameworks */,
			);
			buildRules = (
			);
			dependencies = (
			);
			name = Spy;
			productName = Spy;
			productReference = E954F002261C950A00E89673 /* Spy.app */;
			productType = "com.apple.product-type.application";
		};
/* End PBXNativeTarget section */

/* Begin PBXProject section */
		E954EFFA261C950A00E89673 /* Project object */ = {
			isa = PBXProject;
			attributes = {
				LastSwiftUpdateCheck = 1240;
				LastUpgradeCheck = 1240;
				TargetAttributes = {
					E954F001261C950A00E89673 = {
						CreatedOnToolsVersion = 12.4;
					};
				};
			};
			buildConfigurationList = E954EFFD261C950A00E89673 /* Build configuration list for PBXProject "Spy" */;
			compatibilityVersion = "Xcode 9.3";
			developmentRegion = en;
			hasScannedForEncodings = 0;
			knownRegions = (
				en,
				Base,
			);
			mainGroup = E954EFF9261C950A00E89673;
			productRefGroup = E954F003261C950A00E89673 /* Products */;
			projectDirPath = "";
			projectRoot = "";
			targets = (
				E954F001261C950A00E89673 /* Spy */,
			);
		};
/* End PBXProject section */

/* Begin PBXResourcesBuildPhase section */
		E954F000261C950A00E89673 /* Resources */ = {
			isa = PBXResourcesBuildPhase;
			buildActionMask = 2147483647;
			files = (
				E954F012261C950C00E89673 /* LaunchScreen.storyboard in Resources */,
				E9393B222620BB1400E0D09F /* o_MontserratBold.ttf in Resources */,
				E9393B212620BB1400E0D09F /* o_Montserrat.ttf in Resources */,
				E954F00F261C950C00E89673 /* Assets.xcassets in Resources */,
				E954F00D261C950B00E89673 /* Main.storyboard in Resources */,
			);
			runOnlyForDeploymentPostprocessing = 0;
		};
/* End PBXResourcesBuildPhase section */

/* Begin PBXShellScriptBuildPhase section */
		16262A78F85A6C84EB7E0743 /* [CP] Embed Pods Frameworks */ = {
			isa = PBXShellScriptBuildPhase;
			buildActionMask = 2147483647;
			files = (
			);
			inputFileListPaths = (
				"${PODS_ROOT}/Target Support Files/Pods-Spy/Pods-Spy-frameworks-${CONFIGURATION}-input-files.xcfilelist",
			);
			name = "[CP] Embed Pods Frameworks";
			outputFileListPaths = (
				"${PODS_ROOT}/Target Support Files/Pods-Spy/Pods-Spy-frameworks-${CONFIGURATION}-output-files.xcfilelist",
			);
			runOnlyForDeploymentPostprocessing = 0;
			shellPath = /bin/sh;
			shellScript = "\"${PODS_ROOT}/Target Support Files/Pods-Spy/Pods-Spy-frameworks.sh\"\n";
			showEnvVarsInLog = 0;
		};
		2259422D26AEAAE98870809F /* [CP] Check Pods Manifest.lock */ = {
			isa = PBXShellScriptBuildPhase;
			buildActionMask = 2147483647;
			files = (
			);
			inputFileListPaths = (
			);
			inputPaths = (
				"${PODS_PODFILE_DIR_PATH}/Podfile.lock",
				"${PODS_ROOT}/Manifest.lock",
			);
			name = "[CP] Check Pods Manifest.lock";
			outputFileListPaths = (
			);
			outputPaths = (
				"$(DERIVED_FILE_DIR)/Pods-Spy-checkManifestLockResult.txt",
			);
			runOnlyForDeploymentPostprocessing = 0;
			shellPath = /bin/sh;
			shellScript = "diff \"${PODS_PODFILE_DIR_PATH}/Podfile.lock\" \"${PODS_ROOT}/Manifest.lock\" > /dev/null\nif [ $? != 0 ] ; then\n    # print error to STDERR\n    echo \"error: The sandbox is not in sync with the Podfile.lock. Run 'pod install' or update your CocoaPods installation.\" >&2\n    exit 1\nfi\n# This output is used by Xcode 'outputs' to avoid re-running this script phase.\necho \"SUCCESS\" > \"${SCRIPT_OUTPUT_FILE_0}\"\n";
			showEnvVarsInLog = 0;
		};
/* End PBXShellScriptBuildPhase section */

/* Begin PBXSourcesBuildPhase section */
		E954EFFE261C950A00E89673 /* Sources */ = {
			isa = PBXSourcesBuildPhase;
			buildActionMask = 2147483647;
			files = (
				E9E0EC9126219309001AD4C9 /* UIViewController.swift in Sources */,
				E93A3C962631AF3600312B47 /* RateManager.swift in Sources */,
				E91D1C64262AE53C0007736F /* DataManager.swift in Sources */,
				E9393B1C2620B50A00E0D09F /* UIView.swift in Sources */,
				E954F00A261C950B00E89673 /* MainVC.swift in Sources */,
				E954F006261C950B00E89673 /* AppDelegate.swift in Sources */,
				E94F05C42629B6860039899C /* HowManySpiesPopover.swift in Sources */,
				E9FD485F261D0F52005C29A1 /* GameVC.swift in Sources */,
				E954F01F261C96D800E89673 /* LocationGroupes.swift in Sources */,
				E9E7B69B261DE47300455F72 /* LocationsVC.swift in Sources */,
				E9E7B6A8261E216400455F72 /* ContainerForTableViewVC.swift in Sources */,
				E9B8DD63262C6FB7002B623A /* UITextField.swift in Sources */,
				E97C7A16262B1556001D75F7 /* FaqVC.swift in Sources */,
				E9CCA8D226290D4F008B5F24 /* ContainerForFaqVC.swift in Sources */,
				E9EC35EF26518CFF001FB35B /* Game.swift in Sources */,
				E9E7B69E261DE49E00455F72 /* LocationCell.swift in Sources */,
				E9E7B6A1261E0EA400455F72 /* SetGroupVC.swift in Sources */,
				E9FD485C261CC658005C29A1 /* WhoIsSpyVC.swift in Sources */,
				E954F008261C950B00E89673 /* SceneDelegate.swift in Sources */,
			);
			runOnlyForDeploymentPostprocessing = 0;
		};
/* End PBXSourcesBuildPhase section */

/* Begin PBXVariantGroup section */
		E954F00B261C950B00E89673 /* Main.storyboard */ = {
			isa = PBXVariantGroup;
			children = (
				E954F00C261C950B00E89673 /* Base */,
			);
			name = Main.storyboard;
			sourceTree = "<group>";
		};
		E954F010261C950C00E89673 /* LaunchScreen.storyboard */ = {
			isa = PBXVariantGroup;
			children = (
				E954F011261C950C00E89673 /* Base */,
			);
			name = LaunchScreen.storyboard;
			sourceTree = "<group>";
		};
/* End PBXVariantGroup section */

/* Begin XCBuildConfiguration section */
		E954F014261C950C00E89673 /* Debug */ = {
			isa = XCBuildConfiguration;
			buildSettings = {
				ALWAYS_SEARCH_USER_PATHS = NO;
				CLANG_ANALYZER_NONNULL = YES;
				CLANG_ANALYZER_NUMBER_OBJECT_CONVERSION = YES_AGGRESSIVE;
				CLANG_CXX_LANGUAGE_STANDARD = "gnu++14";
				CLANG_CXX_LIBRARY = "libc++";
				CLANG_ENABLE_MODULES = YES;
				CLANG_ENABLE_OBJC_ARC = YES;
				CLANG_ENABLE_OBJC_WEAK = YES;
				CLANG_WARN_BLOCK_CAPTURE_AUTORELEASING = YES;
				CLANG_WARN_BOOL_CONVERSION = YES;
				CLANG_WARN_COMMA = YES;
				CLANG_WARN_CONSTANT_CONVERSION = YES;
				CLANG_WARN_DEPRECATED_OBJC_IMPLEMENTATIONS = YES;
				CLANG_WARN_DIRECT_OBJC_ISA_USAGE = YES_ERROR;
				CLANG_WARN_DOCUMENTATION_COMMENTS = YES;
				CLANG_WARN_EMPTY_BODY = YES;
				CLANG_WARN_ENUM_CONVERSION = YES;
				CLANG_WARN_INFINITE_RECURSION = YES;
				CLANG_WARN_INT_CONVERSION = YES;
				CLANG_WARN_NON_LITERAL_NULL_CONVERSION = YES;
				CLANG_WARN_OBJC_IMPLICIT_RETAIN_SELF = YES;
				CLANG_WARN_OBJC_LITERAL_CONVERSION = YES;
				CLANG_WARN_OBJC_ROOT_CLASS = YES_ERROR;
				CLANG_WARN_QUOTED_INCLUDE_IN_FRAMEWORK_HEADER = YES;
				CLANG_WARN_RANGE_LOOP_ANALYSIS = YES;
				CLANG_WARN_STRICT_PROTOTYPES = YES;
				CLANG_WARN_SUSPICIOUS_MOVE = YES;
				CLANG_WARN_UNGUARDED_AVAILABILITY = YES_AGGRESSIVE;
				CLANG_WARN_UNREACHABLE_CODE = YES;
				CLANG_WARN__DUPLICATE_METHOD_MATCH = YES;
				COPY_PHASE_STRIP = NO;
				DEBUG_INFORMATION_FORMAT = dwarf;
				ENABLE_STRICT_OBJC_MSGSEND = YES;
				ENABLE_TESTABILITY = YES;
				GCC_C_LANGUAGE_STANDARD = gnu11;
				GCC_DYNAMIC_NO_PIC = NO;
				GCC_NO_COMMON_BLOCKS = YES;
				GCC_OPTIMIZATION_LEVEL = 0;
				GCC_PREPROCESSOR_DEFINITIONS = (
					"DEBUG=1",
					"$(inherited)",
				);
				GCC_WARN_64_TO_32_BIT_CONVERSION = YES;
				GCC_WARN_ABOUT_RETURN_TYPE = YES_ERROR;
				GCC_WARN_UNDECLARED_SELECTOR = YES;
				GCC_WARN_UNINITIALIZED_AUTOS = YES_AGGRESSIVE;
				GCC_WARN_UNUSED_FUNCTION = YES;
				GCC_WARN_UNUSED_VARIABLE = YES;
				IPHONEOS_DEPLOYMENT_TARGET = 13.0;
				MTL_ENABLE_DEBUG_INFO = INCLUDE_SOURCE;
				MTL_FAST_MATH = YES;
				ONLY_ACTIVE_ARCH = YES;
				SDKROOT = iphoneos;
				SWIFT_ACTIVE_COMPILATION_CONDITIONS = DEBUG;
				SWIFT_OPTIMIZATION_LEVEL = "-Onone";
			};
			name = Debug;
		};
		E954F015261C950C00E89673 /* Release */ = {
			isa = XCBuildConfiguration;
			buildSettings = {
				ALWAYS_SEARCH_USER_PATHS = NO;
				CLANG_ANALYZER_NONNULL = YES;
				CLANG_ANALYZER_NUMBER_OBJECT_CONVERSION = YES_AGGRESSIVE;
				CLANG_CXX_LANGUAGE_STANDARD = "gnu++14";
				CLANG_CXX_LIBRARY = "libc++";
				CLANG_ENABLE_MODULES = YES;
				CLANG_ENABLE_OBJC_ARC = YES;
				CLANG_ENABLE_OBJC_WEAK = YES;
				CLANG_WARN_BLOCK_CAPTURE_AUTORELEASING = YES;
				CLANG_WARN_BOOL_CONVERSION = YES;
				CLANG_WARN_COMMA = YES;
				CLANG_WARN_CONSTANT_CONVERSION = YES;
				CLANG_WARN_DEPRECATED_OBJC_IMPLEMENTATIONS = YES;
				CLANG_WARN_DIRECT_OBJC_ISA_USAGE = YES_ERROR;
				CLANG_WARN_DOCUMENTATION_COMMENTS = YES;
				CLANG_WARN_EMPTY_BODY = YES;
				CLANG_WARN_ENUM_CONVERSION = YES;
				CLANG_WARN_INFINITE_RECURSION = YES;
				CLANG_WARN_INT_CONVERSION = YES;
				CLANG_WARN_NON_LITERAL_NULL_CONVERSION = YES;
				CLANG_WARN_OBJC_IMPLICIT_RETAIN_SELF = YES;
				CLANG_WARN_OBJC_LITERAL_CONVERSION = YES;
				CLANG_WARN_OBJC_ROOT_CLASS = YES_ERROR;
				CLANG_WARN_QUOTED_INCLUDE_IN_FRAMEWORK_HEADER = YES;
				CLANG_WARN_RANGE_LOOP_ANALYSIS = YES;
				CLANG_WARN_STRICT_PROTOTYPES = YES;
				CLANG_WARN_SUSPICIOUS_MOVE = YES;
				CLANG_WARN_UNGUARDED_AVAILABILITY = YES_AGGRESSIVE;
				CLANG_WARN_UNREACHABLE_CODE = YES;
				CLANG_WARN__DUPLICATE_METHOD_MATCH = YES;
				COPY_PHASE_STRIP = NO;
				DEBUG_INFORMATION_FORMAT = "dwarf-with-dsym";
				ENABLE_NS_ASSERTIONS = NO;
				ENABLE_STRICT_OBJC_MSGSEND = YES;
				GCC_C_LANGUAGE_STANDARD = gnu11;
				GCC_NO_COMMON_BLOCKS = YES;
				GCC_WARN_64_TO_32_BIT_CONVERSION = YES;
				GCC_WARN_ABOUT_RETURN_TYPE = YES_ERROR;
				GCC_WARN_UNDECLARED_SELECTOR = YES;
				GCC_WARN_UNINITIALIZED_AUTOS = YES_AGGRESSIVE;
				GCC_WARN_UNUSED_FUNCTION = YES;
				GCC_WARN_UNUSED_VARIABLE = YES;
				IPHONEOS_DEPLOYMENT_TARGET = 13.0;
				MTL_ENABLE_DEBUG_INFO = NO;
				MTL_FAST_MATH = YES;
				SDKROOT = iphoneos;
				SWIFT_COMPILATION_MODE = wholemodule;
				SWIFT_OPTIMIZATION_LEVEL = "-O";
				VALIDATE_PRODUCT = YES;
			};
			name = Release;
		};
		E954F017261C950C00E89673 /* Debug */ = {
			isa = XCBuildConfiguration;
			baseConfigurationReference = 7FE8F449D5A0DACDAD7E9D43 /* Pods-Spy.debug.xcconfig */;
			buildSettings = {
				ASSETCATALOG_COMPILER_APPICON_NAME = AppIcon;
				ASSETCATALOG_COMPILER_GLOBAL_ACCENT_COLOR_NAME = AccentColor;
				CODE_SIGN_STYLE = Automatic;
				CURRENT_PROJECT_VERSION = 11;
				DEVELOPMENT_TEAM = UHQ7TS5P9H;
				INFOPLIST_FILE = Spy/Supportings/Info.plist;
				IPHONEOS_DEPLOYMENT_TARGET = 13.0;
				LD_RUNPATH_SEARCH_PATHS = (
					"$(inherited)",
					"@executable_path/Frameworks",
				);
				MARKETING_VERSION = 1.0.3;
				PRODUCT_BUNDLE_IDENTIFIER = voxx.Spy;
				PRODUCT_NAME = "$(TARGET_NAME)";
				SKIP_INSTALL = NO;
				SWIFT_ENFORCE_EXCLUSIVE_ACCESS = on;
				SWIFT_VERSION = 5.0;
				TARGETED_DEVICE_FAMILY = "1,2";
			};
			name = Debug;
		};
		E954F018261C950C00E89673 /* Release */ = {
			isa = XCBuildConfiguration;
			baseConfigurationReference = 49063B9FF2375D28AE9FAD77 /* Pods-Spy.release.xcconfig */;
			buildSettings = {
				ASSETCATALOG_COMPILER_APPICON_NAME = AppIcon;
				ASSETCATALOG_COMPILER_GLOBAL_ACCENT_COLOR_NAME = AccentColor;
				CODE_SIGN_STYLE = Automatic;
				CURRENT_PROJECT_VERSION = 11;
				DEVELOPMENT_TEAM = UHQ7TS5P9H;
				INFOPLIST_FILE = Spy/Supportings/Info.plist;
				IPHONEOS_DEPLOYMENT_TARGET = 13.0;
				LD_RUNPATH_SEARCH_PATHS = (
					"$(inherited)",
					"@executable_path/Frameworks",
				);
				MARKETING_VERSION = 1.0.3;
				PRODUCT_BUNDLE_IDENTIFIER = voxx.Spy;
				PRODUCT_NAME = "$(TARGET_NAME)";
				SKIP_INSTALL = NO;
				SWIFT_ENFORCE_EXCLUSIVE_ACCESS = on;
				SWIFT_VERSION = 5.0;
				TARGETED_DEVICE_FAMILY = "1,2";
			};
			name = Release;
		};
/* End XCBuildConfiguration section */

/* Begin XCConfigurationList section */
		E954EFFD261C950A00E89673 /* Build configuration list for PBXProject "Spy" */ = {
			isa = XCConfigurationList;
			buildConfigurations = (
				E954F014261C950C00E89673 /* Debug */,
				E954F015261C950C00E89673 /* Release */,
			);
			defaultConfigurationIsVisible = 0;
			defaultConfigurationName = Release;
		};
		E954F016261C950C00E89673 /* Build configuration list for PBXNativeTarget "Spy" */ = {
			isa = XCConfigurationList;
			buildConfigurations = (
				E954F017261C950C00E89673 /* Debug */,
				E954F018261C950C00E89673 /* Release */,
			);
			defaultConfigurationIsVisible = 0;
			defaultConfigurationName = Release;
		};
/* End XCConfigurationList section */
	};
	rootObject = E954EFFA261C950A00E89673 /* Project object */;
}
